
Microsoft Visual Studio Solution File, Format Version 12.00
# Visual Studio Version 17
VisualStudioVersion = 17.0.31903.59
MinimumVisualStudioVersion = 10.0.40219.1
Project("{FAE04EC0-301F-11D3-BF4B-00C04F79EFBC}") = "Couchbase.Examples.Logging.FullFramework", "..\..\modules\howtos\examples\logging\windows\Couchbase.Examples.Logging.FullFramework.csproj", "{FC690BFB-1C32-4090-9165-4651C4F2B31B}"
EndProject
Global
	GlobalSection(SolutionConfigurationPlatforms) = preSolution
		Debug|Any CPU = Debug|Any CPU
		Debug|x64 = Debug|x64
		Debug|x86 = Debug|x86
		Release|Any CPU = Release|Any CPU
		Release|x64 = Release|x64
		Release|x86 = Release|x86
	EndGlobalSection
	GlobalSection(ProjectConfigurationPlatforms) = postSolution
		{FC690BFB-1C32-4090-9165-4651C4F2B31B}.Debug|Any CPU.ActiveCfg = Debug|Any CPU
		{FC690BFB-1C32-4090-9165-4651C4F2B31B}.Debug|Any CPU.Build.0 = Debug|Any CPU
		{FC690BFB-1C32-4090-9165-4651C4F2B31B}.Debug|x64.ActiveCfg = Debug|Any CPU
		{FC690BFB-1C32-4090-9165-4651C4F2B31B}.Debug|x64.Build.0 = Debug|Any CPU
		{FC690BFB-1C32-4090-9165-4651C4F2B31B}.Debug|x86.ActiveCfg = Debug|Any CPU
		{FC690BFB-1C32-4090-9165-4651C4F2B31B}.Debug|x86.Build.0 = Debug|Any CPU
		{FC690BFB-1C32-4090-9165-4651C4F2B31B}.Release|Any CPU.ActiveCfg = Release|Any CPU
		{FC690BFB-1C32-4090-9165-4651C4F2B31B}.Release|Any CPU.Build.0 = Release|Any CPU
		{FC690BFB-1C32-4090-9165-4651C4F2B31B}.Release|x64.ActiveCfg = Release|Any CPU
		{FC690BFB-1C32-4090-9165-4651C4F2B31B}.Release|x64.Build.0 = Release|Any CPU
		{FC690BFB-1C32-4090-9165-4651C4F2B31B}.Release|x86.ActiveCfg = Release|Any CPU
		{FC690BFB-1C32-4090-9165-4651C4F2B31B}.Release|x86.Build.0 = Release|Any CPU
	EndGlobalSection
	GlobalSection(SolutionProperties) = preSolution
		HideSolutionNode = FALSE
	EndGlobalSection
EndGlobal
