
Microsoft Visual Studio Solution File, Format Version 12.00
# Visual Studio Version 17
VisualStudioVersion = 17.0.31903.59
MinimumVisualStudioVersion = 10.0.40219.1
Project("{FAE04EC0-301F-11D3-BF4B-00C04F79EFBC}") = "Examples.Core", "Examples.Core\Examples.Core.csproj", "{312DA2C6-B8FB-4E24-8CE1-85280964A1F0}"
EndProject
Project("{FAE04EC0-301F-11D3-BF4B-00C04F79EFBC}") = "Examples.Encryption", "Examples.Encryption\Examples.Encryption.csproj", "{2CEEBF7E-FD71-4BD6-B818-7EEB54D2177B}"
EndProject
Project("{FAE04EC0-301F-11D3-BF4B-00C04F79EFBC}") = "Examples.Transactions", "Examples.Transactions\Examples.Transactions.csproj", "{72520BEC-B105-4787-A62B-39C90B4963CC}"
EndProject
Project("{FAE04EC0-301F-11D3-BF4B-00C04F79EFBC}") = "RangeScan", "..\modules\howtos\examples\Couchbase.Examples.KV\RangeScan\RangeScan\RangeScan.csproj", "{3219956E-243B-4FDB-8618-FA5AC6775A44}"
EndProject
Project("{FAE04EC0-301F-11D3-BF4B-00C04F79EFBC}") = "SubDocument", "..\modules\howtos\examples\Couchbase.Examples.KV\SubDocument\SubDocument.csproj", "{15D3F43A-C114-4857-8646-C281EC881756}"
EndProject
Project("{FAE04EC0-301F-11D3-BF4B-00C04F79EFBC}") = "SearchV2Examples", "..\modules\howtos\examples\Couchbase.Examples.SearchV2\SearchV2Examples\SearchV2Examples.csproj", "{74B5A9C9-01A0-4BAA-8449-7CAC27E7EB32}"
EndProject
Project("{FAE04EC0-301F-11D3-BF4B-00C04F79EFBC}") = "Couchbase.Examples.Logging.GenericHost", "..\modules\howtos\examples\Couchbase.Examples.Logging.GenericHost\Couchbase.Examples.Logging.GenericHost.csproj", "{D11B1CAD-B219-4B47-B2E4-A0F63C57B825}"
EndProject
Project("{FAE04EC0-301F-11D3-BF4B-00C04F79EFBC}") = "Couchbase.Examples.Logging.NoHost", "..\modules\howtos\examples\Couchbase.Examples.Logging.NoHost\Couchbase.Examples.Logging.NoHost.csproj", "{F69E4209-D812-4D5E-9D3D-4C665C7C3FBA}"
EndProject
Global
	GlobalSection(SolutionConfigurationPlatforms) = preSolution
		Debug|Any CPU = Debug|Any CPU
		Debug|x64 = Debug|x64
		Debug|x86 = Debug|x86
		Release|Any CPU = Release|Any CPU
		Release|x64 = Release|x64
		Release|x86 = Release|x86
	EndGlobalSection
	GlobalSection(ProjectConfigurationPlatforms) = postSolution
		{312DA2C6-B8FB-4E24-8CE1-85280964A1F0}.Debug|Any CPU.ActiveCfg = Debug|Any CPU
		{312DA2C6-B8FB-4E24-8CE1-85280964A1F0}.Debug|Any CPU.Build.0 = Debug|Any CPU
		{312DA2C6-B8FB-4E24-8CE1-85280964A1F0}.Debug|x64.ActiveCfg = Debug|Any CPU
		{312DA2C6-B8FB-4E24-8CE1-85280964A1F0}.Debug|x64.Build.0 = Debug|Any CPU
		{312DA2C6-B8FB-4E24-8CE1-85280964A1F0}.Debug|x86.ActiveCfg = Debug|Any CPU
		{312DA2C6-B8FB-4E24-8CE1-85280964A1F0}.Debug|x86.Build.0 = Debug|Any CPU
		{312DA2C6-B8FB-4E24-8CE1-85280964A1F0}.Release|Any CPU.ActiveCfg = Release|Any CPU
		{312DA2C6-B8FB-4E24-8CE1-85280964A1F0}.Release|Any CPU.Build.0 = Release|Any CPU
		{312DA2C6-B8FB-4E24-8CE1-85280964A1F0}.Release|x64.ActiveCfg = Release|Any CPU
		{312DA2C6-B8FB-4E24-8CE1-85280964A1F0}.Release|x64.Build.0 = Release|Any CPU
		{312DA2C6-B8FB-4E24-8CE1-85280964A1F0}.Release|x86.ActiveCfg = Release|Any CPU
		{312DA2C6-B8FB-4E24-8CE1-85280964A1F0}.Release|x86.Build.0 = Release|Any CPU
		{2CEEBF7E-FD71-4BD6-B818-7EEB54D2177B}.Debug|Any CPU.ActiveCfg = Debug|Any CPU
		{2CEEBF7E-FD71-4BD6-B818-7EEB54D2177B}.Debug|Any CPU.Build.0 = Debug|Any CPU
		{2CEEBF7E-FD71-4BD6-B818-7EEB54D2177B}.Debug|x64.ActiveCfg = Debug|Any CPU
		{2CEEBF7E-FD71-4BD6-B818-7EEB54D2177B}.Debug|x64.Build.0 = Debug|Any CPU
		{2CEEBF7E-FD71-4BD6-B818-7EEB54D2177B}.Debug|x86.ActiveCfg = Debug|Any CPU
		{2CEEBF7E-FD71-4BD6-B818-7EEB54D2177B}.Debug|x86.Build.0 = Debug|Any CPU
		{2CEEBF7E-FD71-4BD6-B818-7EEB54D2177B}.Release|Any CPU.ActiveCfg = Release|Any CPU
		{2CEEBF7E-FD71-4BD6-B818-7EEB54D2177B}.Release|Any CPU.Build.0 = Release|Any CPU
		{2CEEBF7E-FD71-4BD6-B818-7EEB54D2177B}.Release|x64.ActiveCfg = Release|Any CPU
		{2CEEBF7E-FD71-4BD6-B818-7EEB54D2177B}.Release|x64.Build.0 = Release|Any CPU
		{2CEEBF7E-FD71-4BD6-B818-7EEB54D2177B}.Release|x86.ActiveCfg = Release|Any CPU
		{2CEEBF7E-FD71-4BD6-B818-7EEB54D2177B}.Release|x86.Build.0 = Release|Any CPU
		{72520BEC-B105-4787-A62B-39C90B4963CC}.Debug|Any CPU.ActiveCfg = Debug|Any CPU
		{72520BEC-B105-4787-A62B-39C90B4963CC}.Debug|Any CPU.Build.0 = Debug|Any CPU
		{72520BEC-B105-4787-A62B-39C90B4963CC}.Debug|x64.ActiveCfg = Debug|Any CPU
		{72520BEC-B105-4787-A62B-39C90B4963CC}.Debug|x64.Build.0 = Debug|Any CPU
		{72520BEC-B105-4787-A62B-39C90B4963CC}.Debug|x86.ActiveCfg = Debug|Any CPU
		{72520BEC-B105-4787-A62B-39C90B4963CC}.Debug|x86.Build.0 = Debug|Any CPU
		{72520BEC-B105-4787-A62B-39C90B4963CC}.Release|Any CPU.ActiveCfg = Release|Any CPU
		{72520BEC-B105-4787-A62B-39C90B4963CC}.Release|Any CPU.Build.0 = Release|Any CPU
		{72520BEC-B105-4787-A62B-39C90B4963CC}.Release|x64.ActiveCfg = Release|Any CPU
		{72520BEC-B105-4787-A62B-39C90B4963CC}.Release|x64.Build.0 = Release|Any CPU
		{72520BEC-B105-4787-A62B-39C90B4963CC}.Release|x86.ActiveCfg = Release|Any CPU
		{72520BEC-B105-4787-A62B-39C90B4963CC}.Release|x86.Build.0 = Release|Any CPU
		{3219956E-243B-4FDB-8618-FA5AC6775A44}.Debug|Any CPU.ActiveCfg = Debug|Any CPU
		{3219956E-243B-4FDB-8618-FA5AC6775A44}.Debug|Any CPU.Build.0 = Debug|Any CPU
		{3219956E-243B-4FDB-8618-FA5AC6775A44}.Debug|x64.ActiveCfg = Debug|Any CPU
		{3219956E-243B-4FDB-8618-FA5AC6775A44}.Debug|x64.Build.0 = Debug|Any CPU
		{3219956E-243B-4FDB-8618-FA5AC6775A44}.Debug|x86.ActiveCfg = Debug|Any CPU
		{3219956E-243B-4FDB-8618-FA5AC6775A44}.Debug|x86.Build.0 = Debug|Any CPU
		{3219956E-243B-4FDB-8618-FA5AC6775A44}.Release|Any CPU.ActiveCfg = Release|Any CPU
		{3219956E-243B-4FDB-8618-FA5AC6775A44}.Release|Any CPU.Build.0 = Release|Any CPU
		{3219956E-243B-4FDB-8618-FA5AC6775A44}.Release|x64.ActiveCfg = Release|Any CPU
		{3219956E-243B-4FDB-8618-FA5AC6775A44}.Release|x64.Build.0 = Release|Any CPU
		{3219956E-243B-4FDB-8618-FA5AC6775A44}.Release|x86.ActiveCfg = Release|Any CPU
		{3219956E-243B-4FDB-8618-FA5AC6775A44}.Release|x86.Build.0 = Release|Any CPU
		{15D3F43A-C114-4857-8646-C281EC881756}.Debug|Any CPU.ActiveCfg = Debug|Any CPU
		{15D3F43A-C114-4857-8646-C281EC881756}.Debug|Any CPU.Build.0 = Debug|Any CPU
		{15D3F43A-C114-4857-8646-C281EC881756}.Debug|x64.ActiveCfg = Debug|Any CPU
		{15D3F43A-C114-4857-8646-C281EC881756}.Debug|x64.Build.0 = Debug|Any CPU
		{15D3F43A-C114-4857-8646-C281EC881756}.Debug|x86.ActiveCfg = Debug|Any CPU
		{15D3F43A-C114-4857-8646-C281EC881756}.Debug|x86.Build.0 = Debug|Any CPU
		{15D3F43A-C114-4857-8646-C281EC881756}.Release|Any CPU.ActiveCfg = Release|Any CPU
		{15D3F43A-C114-4857-8646-C281EC881756}.Release|Any CPU.Build.0 = Release|Any CPU
		{15D3F43A-C114-4857-8646-C281EC881756}.Release|x64.ActiveCfg = Release|Any CPU
		{15D3F43A-C114-4857-8646-C281EC881756}.Release|x64.Build.0 = Release|Any CPU
		{15D3F43A-C114-4857-8646-C281EC881756}.Release|x86.ActiveCfg = Release|Any CPU
		{15D3F43A-C114-4857-8646-C281EC881756}.Release|x86.Build.0 = Release|Any CPU
		{74B5A9C9-01A0-4BAA-8449-7CAC27E7EB32}.Debug|Any CPU.ActiveCfg = Debug|Any CPU
		{74B5A9C9-01A0-4BAA-8449-7CAC27E7EB32}.Debug|Any CPU.Build.0 = Debug|Any CPU
		{74B5A9C9-01A0-4BAA-8449-7CAC27E7EB32}.Debug|x64.ActiveCfg = Debug|Any CPU
		{74B5A9C9-01A0-4BAA-8449-7CAC27E7EB32}.Debug|x64.Build.0 = Debug|Any CPU
		{74B5A9C9-01A0-4BAA-8449-7CAC27E7EB32}.Debug|x86.ActiveCfg = Debug|Any CPU
		{74B5A9C9-01A0-4BAA-8449-7CAC27E7EB32}.Debug|x86.Build.0 = Debug|Any CPU
		{74B5A9C9-01A0-4BAA-8449-7CAC27E7EB32}.Release|Any CPU.ActiveCfg = Release|Any CPU
		{74B5A9C9-01A0-4BAA-8449-7CAC27E7EB32}.Release|Any CPU.Build.0 = Release|Any CPU
		{74B5A9C9-01A0-4BAA-8449-7CAC27E7EB32}.Release|x64.ActiveCfg = Release|Any CPU
		{74B5A9C9-01A0-4BAA-8449-7CAC27E7EB32}.Release|x64.Build.0 = Release|Any CPU
		{74B5A9C9-01A0-4BAA-8449-7CAC27E7EB32}.Release|x86.ActiveCfg = Release|Any CPU
		{74B5A9C9-01A0-4BAA-8449-7CAC27E7EB32}.Release|x86.Build.0 = Release|Any CPU
		{D11B1CAD-B219-4B47-B2E4-A0F63C57B825}.Debug|Any CPU.ActiveCfg = Debug|Any CPU
		{D11B1CAD-B219-4B47-B2E4-A0F63C57B825}.Debug|Any CPU.Build.0 = Debug|Any CPU
		{D11B1CAD-B219-4B47-B2E4-A0F63C57B825}.Debug|x64.ActiveCfg = Debug|Any CPU
		{D11B1CAD-B219-4B47-B2E4-A0F63C57B825}.Debug|x64.Build.0 = Debug|Any CPU
		{D11B1CAD-B219-4B47-B2E4-A0F63C57B825}.Debug|x86.ActiveCfg = Debug|Any CPU
		{D11B1CAD-B219-4B47-B2E4-A0F63C57B825}.Debug|x86.Build.0 = Debug|Any CPU
		{D11B1CAD-B219-4B47-B2E4-A0F63C57B825}.Release|Any CPU.ActiveCfg = Release|Any CPU
		{D11B1CAD-B219-4B47-B2E4-A0F63C57B825}.Release|Any CPU.Build.0 = Release|Any CPU
		{D11B1CAD-B219-4B47-B2E4-A0F63C57B825}.Release|x64.ActiveCfg = Release|Any CPU
		{D11B1CAD-B219-4B47-B2E4-A0F63C57B825}.Release|x64.Build.0 = Release|Any CPU
		{D11B1CAD-B219-4B47-B2E4-A0F63C57B825}.Release|x86.ActiveCfg = Release|Any CPU
		{D11B1CAD-B219-4B47-B2E4-A0F63C57B825}.Release|x86.Build.0 = Release|Any CPU
		{F69E4209-D812-4D5E-9D3D-4C665C7C3FBA}.Debug|Any CPU.ActiveCfg = Debug|Any CPU
		{F69E4209-D812-4D5E-9D3D-4C665C7C3FBA}.Debug|Any CPU.Build.0 = Debug|Any CPU
		{F69E4209-D812-4D5E-9D3D-4C665C7C3FBA}.Debug|x64.ActiveCfg = Debug|Any CPU
		{F69E4209-D812-4D5E-9D3D-4C665C7C3FBA}.Debug|x64.Build.0 = Debug|Any CPU
		{F69E4209-D812-4D5E-9D3D-4C665C7C3FBA}.Debug|x86.ActiveCfg = Debug|Any CPU
		{F69E4209-D812-4D5E-9D3D-4C665C7C3FBA}.Debug|x86.Build.0 = Debug|Any CPU
		{F69E4209-D812-4D5E-9D3D-4C665C7C3FBA}.Release|Any CPU.ActiveCfg = Release|Any CPU
		{F69E4209-D812-4D5E-9D3D-4C665C7C3FBA}.Release|Any CPU.Build.0 = Release|Any CPU
		{F69E4209-D812-4D5E-9D3D-4C665C7C3FBA}.Release|x64.ActiveCfg = Release|Any CPU
		{F69E4209-D812-4D5E-9D3D-4C665C7C3FBA}.Release|x64.Build.0 = Release|Any CPU
		{F69E4209-D812-4D5E-9D3D-4C665C7C3FBA}.Release|x86.ActiveCfg = Release|Any CPU
		{F69E4209-D812-4D5E-9D3D-4C665C7C3FBA}.Release|x86.Build.0 = Release|Any CPU
	EndGlobalSection
	GlobalSection(SolutionProperties) = preSolution
		HideSolutionNode = FALSE
	EndGlobalSection
EndGlobal
